
Microsoft Visual Studio Solution File, Format Version 11.00
# Visual Studio Version 17

Project("{8BC9CEB8-8B4A-11D0-8D11-00A0C91BC942}") = "First_Project - Standalone Plugin", "First_Project_StandalonePlugin.vcxproj", "{CDD91448-22FE-78FC-EC86-2FFD5991B806}"
	ProjectSection(ProjectDependencies) = postProject
		{9362040B-D385-045F-89AC-B1D8516F2A84} = {9362040B-D385-045F-89AC-B1D8516F2A84}
	EndProjectSection
EndProject
Project("{8BC9CEB8-8B4A-11D0-8D11-00A0C91BC942}") = "First_Project - VST3", "First_Project_VST3.vcxproj", "{7C4D65F3-092D-B692-3083-382132E010A6}"
	ProjectSection(ProjectDependencies) = postProject
		{9362040B-D385-045F-89AC-B1D8516F2A84} = {9362040B-D385-045F-89AC-B1D8516F2A84}
		{5F94D219-0FE9-B21F-F5C3-7BDB0F2158E2} = {5F94D219-0FE9-B21F-F5C3-7BDB0F2158E2}
	EndProjectSection
EndProject
Project("{8BC9CEB8-8B4A-11D0-8D11-00A0C91BC942}") = "First_Project - Shared Code", "First_Project_SharedCode.vcxproj", "{9362040B-D385-045F-89AC-B1D8516F2A84}"
EndProject
Project("{8BC9CEB8-8B4A-11D0-8D11-00A0C91BC942}") = "First_Project - VST3 Manifest Helper", "First_Project_VST3ManifestHelper.vcxproj", "{5F94D219-0FE9-B21F-F5C3-7BDB0F2158E2}"
EndProject
Global
	GlobalSection(SolutionConfigurationPlatforms) = preSolution
		Debug|x64 = Debug|x64
		Release|x64 = Release|x64
	EndGlobalSection
	GlobalSection(ProjectConfigurationPlatforms) = postSolution
		{7C4D65F3-092D-B692-3083-382132E010A6}.Debug|x64.ActiveCfg = Debug|x64
		{7C4D65F3-092D-B692-3083-382132E010A6}.Debug|x64.Build.0 = Debug|x64
		{7C4D65F3-092D-B692-3083-382132E010A6}.Release|x64.ActiveCfg = Release|x64
		{7C4D65F3-092D-B692-3083-382132E010A6}.Release|x64.Build.0 = Release|x64
		{CDD91448-22FE-78FC-EC86-2FFD5991B806}.Debug|x64.ActiveCfg = Debug|x64
		{CDD91448-22FE-78FC-EC86-2FFD5991B806}.Debug|x64.Build.0 = Debug|x64
		{CDD91448-22FE-78FC-EC86-2FFD5991B806}.Release|x64.ActiveCfg = Release|x64
		{CDD91448-22FE-78FC-EC86-2FFD5991B806}.Release|x64.Build.0 = Release|x64
		{9362040B-D385-045F-89AC-B1D8516F2A84}.Debug|x64.ActiveCfg = Debug|x64
		{9362040B-D385-045F-89AC-B1D8516F2A84}.Debug|x64.Build.0 = Debug|x64
		{9362040B-D385-045F-89AC-B1D8516F2A84}.Release|x64.ActiveCfg = Release|x64
		{9362040B-D385-045F-89AC-B1D8516F2A84}.Release|x64.Build.0 = Release|x64
		{5F94D219-0FE9-B21F-F5C3-7BDB0F2158E2}.Debug|x64.ActiveCfg = Debug|x64
		{5F94D219-0FE9-B21F-F5C3-7BDB0F2158E2}.Debug|x64.Build.0 = Debug|x64
		{5F94D219-0FE9-B21F-F5C3-7BDB0F2158E2}.Release|x64.ActiveCfg = Release|x64
		{5F94D219-0FE9-B21F-F5C3-7BDB0F2158E2}.Release|x64.Build.0 = Release|x64
	EndGlobalSection
	GlobalSection(SolutionProperties) = preSolution
		HideSolutionNode = FALSE
	EndGlobalSection
EndGlobal
